
Microsoft Visual Studio Solution File, Format Version 12.00
# Visual Studio Version 17
VisualStudioVersion = 17.5.002.0
MinimumVisualStudioVersion = 10.0.40219.1
Project("{2150E333-8FDC-42A3-9474-1A3956D46DE8}") = "computer_science_exercises", "computer_science_exercises", "{B690AAB0-E0FF-4949-910E-E40A6699E600}"
EndProject
Project("{2150E333-8FDC-42A3-9474-1A3956D46DE8}") = "02_Collections", "02_Collections", "{9195F932-C6D3-4610-9920-45E65033DB7F}"
EndProject
Project("{9A19103F-16F7-4668-BE54-9A1E7A4F7556}") = "02_Collections", "computer_science_exercises\02_Collections\CSharp\02_Collections.csproj", "{2791A131-971F-4D9C-8FD2-48B9172D4166}"
EndProject
Project("{2150E333-8FDC-42A3-9474-1A3956D46DE8}") = "gaming_exercises", "gaming_exercises", "{8347F73D-D7EE-4DD9-BDEB-4C3DEEDD03BE}"
EndProject
Project("{2150E333-8FDC-42A3-9474-1A3956D46DE8}") = "00_AwardingExtraLives", "00_AwardingExtraLives", "{1A0D4396-BB5F-4D05-8E3C-6034B9B8738C}"
EndProject
Project("{9A19103F-16F7-4668-BE54-9A1E7A4F7556}") = "00_AwardingExtraLives", "gaming_exercises\00_AwardingExtraLives\CSharp\00_AwardingExtraLives.csproj", "{491BF4F8-F3BB-4512-AB47-F655AD8E68CC}"
EndProject
Project("{2150E333-8FDC-42A3-9474-1A3956D46DE8}") = "01_CalculatingHitBoxes", "01_CalculatingHitBoxes", "{665583FF-36EE-4130-9FF9-B908A73E4BE4}"
EndProject
Project("{9A19103F-16F7-4668-BE54-9A1E7A4F7556}") = "01_CalculatingHitBoxes", "gaming_exercises\01_CalculatingHitBoxes\CSharp\01_CalculatingHitBoxes.csproj", "{0C01C3EE-B0C9-4B8D-ACB8-7FC0F24295A1}"
EndProject
Project("{2150E333-8FDC-42A3-9474-1A3956D46DE8}") = "04_RockPaperScissors", "04_RockPaperScissors", "{A4E0E3C6-71E4-4BE5-8827-619CF3595813}"
EndProject
Project("{9A19103F-16F7-4668-BE54-9A1E7A4F7556}") = "04_RockPaperScissors", "gaming_exercises\04_RockPaperScissors\C#\04_RockPaperScissors.csproj", "{DC5D21D4-A8F4-4C39-AAD4-A1D431F1A28F}"
EndProject
Project("{2150E333-8FDC-42A3-9474-1A3956D46DE8}") = "00_helloWorld", "00_helloWorld", "{EA24A19D-467B-4226-A7EF-DC8229CB4F64}"
EndProject
Project("{2150E333-8FDC-42A3-9474-1A3956D46DE8}") = "CSharp", "CSharp", "{E3AFFC2D-5925-4C05-887D-F5187FB5A7A6}"
EndProject
Project("{9A19103F-16F7-4668-BE54-9A1E7A4F7556}") = "helloWorld", "computer_science_exercises\00_helloWorld\CSharp\helloWorld\helloWorld.csproj", "{675836BE-B58A-4A5A-B8DA-932749077586}"
EndProject
Global
	GlobalSection(SolutionConfigurationPlatforms) = preSolution
		Debug|Any CPU = Debug|Any CPU
		Release|Any CPU = Release|Any CPU
	EndGlobalSection
	GlobalSection(ProjectConfigurationPlatforms) = postSolution
		{2791A131-971F-4D9C-8FD2-48B9172D4166}.Debug|Any CPU.ActiveCfg = Debug|Any CPU
		{2791A131-971F-4D9C-8FD2-48B9172D4166}.Debug|Any CPU.Build.0 = Debug|Any CPU
		{2791A131-971F-4D9C-8FD2-48B9172D4166}.Release|Any CPU.ActiveCfg = Release|Any CPU
		{2791A131-971F-4D9C-8FD2-48B9172D4166}.Release|Any CPU.Build.0 = Release|Any CPU
		{491BF4F8-F3BB-4512-AB47-F655AD8E68CC}.Debug|Any CPU.ActiveCfg = Debug|Any CPU
		{491BF4F8-F3BB-4512-AB47-F655AD8E68CC}.Debug|Any CPU.Build.0 = Debug|Any CPU
		{491BF4F8-F3BB-4512-AB47-F655AD8E68CC}.Release|Any CPU.ActiveCfg = Release|Any CPU
		{491BF4F8-F3BB-4512-AB47-F655AD8E68CC}.Release|Any CPU.Build.0 = Release|Any CPU
		{0C01C3EE-B0C9-4B8D-ACB8-7FC0F24295A1}.Debug|Any CPU.ActiveCfg = Debug|Any CPU
		{0C01C3EE-B0C9-4B8D-ACB8-7FC0F24295A1}.Debug|Any CPU.Build.0 = Debug|Any CPU
		{0C01C3EE-B0C9-4B8D-ACB8-7FC0F24295A1}.Release|Any CPU.ActiveCfg = Release|Any CPU
		{0C01C3EE-B0C9-4B8D-ACB8-7FC0F24295A1}.Release|Any CPU.Build.0 = Release|Any CPU
		{DC5D21D4-A8F4-4C39-AAD4-A1D431F1A28F}.Debug|Any CPU.ActiveCfg = Debug|Any CPU
		{DC5D21D4-A8F4-4C39-AAD4-A1D431F1A28F}.Debug|Any CPU.Build.0 = Debug|Any CPU
		{DC5D21D4-A8F4-4C39-AAD4-A1D431F1A28F}.Release|Any CPU.ActiveCfg = Release|Any CPU
		{DC5D21D4-A8F4-4C39-AAD4-A1D431F1A28F}.Release|Any CPU.Build.0 = Release|Any CPU
		{675836BE-B58A-4A5A-B8DA-932749077586}.Debug|Any CPU.ActiveCfg = Debug|Any CPU
		{675836BE-B58A-4A5A-B8DA-932749077586}.Debug|Any CPU.Build.0 = Debug|Any CPU
		{675836BE-B58A-4A5A-B8DA-932749077586}.Release|Any CPU.ActiveCfg = Release|Any CPU
		{675836BE-B58A-4A5A-B8DA-932749077586}.Release|Any CPU.Build.0 = Release|Any CPU
	EndGlobalSection
	GlobalSection(SolutionProperties) = preSolution
		HideSolutionNode = FALSE
	EndGlobalSection
	GlobalSection(NestedProjects) = preSolution
		{9195F932-C6D3-4610-9920-45E65033DB7F} = {B690AAB0-E0FF-4949-910E-E40A6699E600}
		{2791A131-971F-4D9C-8FD2-48B9172D4166} = {9195F932-C6D3-4610-9920-45E65033DB7F}
		{1A0D4396-BB5F-4D05-8E3C-6034B9B8738C} = {8347F73D-D7EE-4DD9-BDEB-4C3DEEDD03BE}
		{491BF4F8-F3BB-4512-AB47-F655AD8E68CC} = {1A0D4396-BB5F-4D05-8E3C-6034B9B8738C}
		{665583FF-36EE-4130-9FF9-B908A73E4BE4} = {8347F73D-D7EE-4DD9-BDEB-4C3DEEDD03BE}
		{0C01C3EE-B0C9-4B8D-ACB8-7FC0F24295A1} = {665583FF-36EE-4130-9FF9-B908A73E4BE4}
		{A4E0E3C6-71E4-4BE5-8827-619CF3595813} = {8347F73D-D7EE-4DD9-BDEB-4C3DEEDD03BE}
		{DC5D21D4-A8F4-4C39-AAD4-A1D431F1A28F} = {A4E0E3C6-71E4-4BE5-8827-619CF3595813}
		{EA24A19D-467B-4226-A7EF-DC8229CB4F64} = {B690AAB0-E0FF-4949-910E-E40A6699E600}
		{E3AFFC2D-5925-4C05-887D-F5187FB5A7A6} = {EA24A19D-467B-4226-A7EF-DC8229CB4F64}
		{675836BE-B58A-4A5A-B8DA-932749077586} = {E3AFFC2D-5925-4C05-887D-F5187FB5A7A6}
	EndGlobalSection
	GlobalSection(ExtensibilityGlobals) = postSolution
		SolutionGuid = {53B986D6-C28E-4BC2-B3F2-C15BCC4D0706}
	EndGlobalSection
EndGlobal
